Microsoft Visual Studio Solution File, Format Version 12.00
# Visual Studio 15
VisualStudioVersion = 15.0.26228.4
MinimumVisualStudioVersion = 10.0.40219.1
Project("{2150E333-8FDC-42A3-9474-1A3956D46DE8}") = "src", "src", "{32285FA4-6B46-4D6B-A840-2B13E4C8B58E}"
EndProject
Project("{2150E333-8FDC-42A3-9474-1A3956D46DE8}") = "test", "test", "{3BA657BF-28B1-42DA-B5B0-1C4601FCF7B1}"
EndProject
Project("{2150E333-8FDC-42A3-9474-1A3956D46DE8}") = "Solution Items", "Solution Items", "{FAD65E9C-3CF3-4F68-9757-C7358604030B}"
	ProjectSection(SolutionItems) = preProject
		build_nuget.cmd = build_nuget.cmd
		..\README.md = ..\README.md
	EndProjectSection
EndProject
Project("{2150E333-8FDC-42A3-9474-1A3956D46DE8}") = "samples", "samples", "{0834245D-400A-4355-88B1-DD6E390AF66D}"
EndProject
Project("{9A19103F-16F7-4668-BE54-9A1E7A4F7556}") = "Microsoft.AspNetCore.Mvc.Formatters.Xml.Extensions", "src\Microsoft.AspNetCore.Mvc.Formatters.Xml.Extensions\Microsoft.AspNetCore.Mvc.Formatters.Xml.Extensions.csproj", "{C3B35DDD-DBAB-4400-87AF-01ACA917791F}"
EndProject
Project("{9A19103F-16F7-4668-BE54-9A1E7A4F7556}") = "Microsoft.AspNetCore.Mvc.Formatters.Xml.Extensions.Test", "test\Microsoft.AspNetCore.Mvc.Formatters.Xml.Extensions.Test\Microsoft.AspNetCore.Mvc.Formatters.Xml.Extensions.Test.csproj", "{1C8FB12F-455B-4AD7-9F4C-81DC4FCD1BB1}"
EndProject
Global
	GlobalSection(SolutionConfigurationPlatforms) = preSolution
		Debug|Any CPU = Debug|Any CPU
		Release|Any CPU = Release|Any CPU
	EndGlobalSection
	GlobalSection(ProjectConfigurationPlatforms) = postSolution
		{C3B35DDD-DBAB-4400-87AF-01ACA917791F}.Debug|Any CPU.ActiveCfg = Debug|Any CPU
		{C3B35DDD-DBAB-4400-87AF-01ACA917791F}.Debug|Any CPU.Build.0 = Debug|Any CPU
		{C3B35DDD-DBAB-4400-87AF-01ACA917791F}.Release|Any CPU.ActiveCfg = Release|Any CPU
		{C3B35DDD-DBAB-4400-87AF-01ACA917791F}.Release|Any CPU.Build.0 = Release|Any CPU
		{1C8FB12F-455B-4AD7-9F4C-81DC4FCD1BB1}.Debug|Any CPU.ActiveCfg = Debug|Any CPU
		{1C8FB12F-455B-4AD7-9F4C-81DC4FCD1BB1}.Debug|Any CPU.Build.0 = Debug|Any CPU
		{1C8FB12F-455B-4AD7-9F4C-81DC4FCD1BB1}.Release|Any CPU.ActiveCfg = Release|Any CPU
		{1C8FB12F-455B-4AD7-9F4C-81DC4FCD1BB1}.Release|Any CPU.Build.0 = Release|Any CPU
	EndGlobalSection
	GlobalSection(SolutionProperties) = preSolution
		HideSolutionNode = FALSE
	EndGlobalSection
	GlobalSection(NestedProjects) = preSolution
		{C3B35DDD-DBAB-4400-87AF-01ACA917791F} = {32285FA4-6B46-4D6B-A840-2B13E4C8B58E}
		{1C8FB12F-455B-4AD7-9F4C-81DC4FCD1BB1} = {3BA657BF-28B1-42DA-B5B0-1C4601FCF7B1}
	EndGlobalSection
EndGlobal
